
Microsoft Visual Studio Solution File, Format Version 12.00
# Visual Studio Version 17
VisualStudioVersion = 17.5.33516.290
MinimumVisualStudioVersion = 10.0.40219.1
Project("{FAE04EC0-301F-11D3-BF4B-00C04F79EFBC}") = "ToDoGrpc", "ToDoGrpc\ToDoGrpc.csproj", "{351922FF-C542-41DA-BE8E-799BA034F80E}"
EndProject
Global
	GlobalSection(SolutionConfigurationPlatforms) = preSolution
		Debug|Any CPU = Debug|Any CPU
		Release|Any CPU = Release|Any CPU
	EndGlobalSection
	GlobalSection(ProjectConfigurationPlatforms) = postSolution
		{351922FF-C542-41DA-BE8E-799BA034F80E}.Debug|Any CPU.ActiveCfg = Debug|Any CPU
		{351922FF-C542-41DA-BE8E-799BA034F80E}.Debug|Any CPU.Build.0 = Debug|Any CPU
		{351922FF-C542-41DA-BE8E-799BA034F80E}.Release|Any CPU.ActiveCfg = Release|Any CPU
		{351922FF-C542-41DA-BE8E-799BA034F80E}.Release|Any CPU.Build.0 = Release|Any CPU
	EndGlobalSection
	GlobalSection(SolutionProperties) = preSolution
		HideSolutionNode = FALSE
	EndGlobalSection
	GlobalSection(ExtensibilityGlobals) = postSolution
		SolutionGuid = {7BB37216-F539-47C9-8B27-89D6916C5AAE}
	EndGlobalSection
EndGlobal
